PODS:
  - Capacitor (6.2.0):
    - CapacitorCordova
  - CapacitorApp (6.0.2):
    - Capacitor
  - CapacitorCordova (6.2.0)
  - CapacitorHaptics (6.0.2):
    - Capacitor
  - CapacitorKeyboard (6.0.3):
    - Capacitor
  - CapacitorNativeFiles (0.0.1):
    - Capacitor
  - CapacitorSplashScreen (6.0.3):
    - Capacitor
  - CapacitorStatusBar (6.0.2):
    - Capacitor
  - PurchasesHybridCommon (13.9.0):
    - RevenueCat (= 5.8.0)
  - RevenueCat (5.8.0)
  - RevenuecatPurchasesCapacitor (9.0.7):
    - Capacitor
    - PurchasesHybridCommon (= 13.9.0)

DEPENDENCIES:
  - "Capacitor (from `../../node_modules/@capacitor/ios`)"
  - "CapacitorApp (from `../../node_modules/@capacitor/app`)"
  - "CapacitorCordova (from `../../node_modules/@capacitor/ios`)"
  - "CapacitorHaptics (from `../../node_modules/@capacitor/haptics`)"
  - "CapacitorKeyboard (from `../../node_modules/@capacitor/keyboard`)"
  - CapacitorNativeFiles (from `../../../capacitor-native-files`)
  - "CapacitorSplashScreen (from `../../node_modules/@capacitor/splash-screen`)"
  - "CapacitorStatusBar (from `../../node_modules/@capacitor/status-bar`)"
  - "RevenuecatPurchasesCapacitor (from `../../node_modules/@revenuecat/purchases-capacitor`)"

SPEC REPOS:
  trunk:
    - PurchasesHybridCommon
    - RevenueCat

EXTERNAL SOURCES:
  Capacitor:
    :path: "../../node_modules/@capacitor/ios"
  CapacitorApp:
    :path: "../../node_modules/@capacitor/app"
  CapacitorCordova:
    :path: "../../node_modules/@capacitor/ios"
  CapacitorHaptics:
    :path: "../../node_modules/@capacitor/haptics"
  CapacitorKeyboard:
    :path: "../../node_modules/@capacitor/keyboard"
  CapacitorNativeFiles:
    :path: "../../../capacitor-native-files"
  CapacitorSplashScreen:
    :path: "../../node_modules/@capacitor/splash-screen"
  CapacitorStatusBar:
    :path: "../../node_modules/@capacitor/status-bar"
  RevenuecatPurchasesCapacitor:
    :path: "../../node_modules/@revenuecat/purchases-capacitor"

SPEC CHECKSUMS:
  Capacitor: 1f3c7b9802d958cd8c4eb63895fff85dff2e1eea
  CapacitorApp: 2a8c3a0b0814322e5e6e15fe595f02c3808f0f8b
  CapacitorCordova: b33e7f4aa4ed105dd43283acdd940964374a87d9
  CapacitorHaptics: b53409aaca1203f79c6d0eb3ed5de40556339518
  CapacitorKeyboard: 460c6f9ec5e52c84f2742d5ce2e67bbc7ab0ebb0
  CapacitorNativeFiles: 2a7c19a51337623e3f04f8b7e37563e9ef3e555b
  CapacitorSplashScreen: 68893659d77b5f82d753b3a70475082845e3039c
  CapacitorStatusBar: 3b9ac7d0684770522c532d1158a1434512ab1477
  PurchasesHybridCommon: 2e684a22e4aaf33c5fc10fd9e2ca2e27e6b7abff
  RevenueCat: 4cd1daad3a57d2b4015ed2b4aef0a0f24ffce0a1
  RevenuecatPurchasesCapacitor: 5521c41ce78d223bc69f05ad395556d4b6e3591a

PODFILE CHECKSUM: 8a28028811864c0687e58b750f5c7aba1241aff8

COCOAPODS: 1.16.2
